// !$*UTF8*$!
{
	archiveVersion = 1;
	classes = {
	};
	objectVersion = 56;
	objects = {

/* Begin PBXBuildFile section */
		192CE31829B5F0B60099E0C4 /* CDArkiveApp.swift in Sources */ = {isa = PBXBuildFile; fileRef = 192CE31729B5F0B60099E0C4 /* CDArkiveApp.swift */; };
		192CE31A29B5F0B60099E0C4 /* ContentView.swift in Sources */ = {isa = PBXBuildFile; fileRef = 192CE31929B5F0B60099E0C4 /* ContentView.swift */; };
		192CE31C29B5F0B70099E0C4 /* Assets.xcassets in Resources */ = {isa = PBXBuildFile; fileRef = 192CE31B29B5F0B70099E0C4 /* Assets.xcassets */; };
		192CE31F29B5F0B70099E0C4 /* Preview Assets.xcassets in Resources */ = {isa = PBXBuildFile; fileRef = 192CE31E29B5F0B70099E0C4 /* Preview Assets.xcassets */; };
		192CE32729B5F5AD0099E0C4 /* CDArkive.xcdatamodeld in Sources */ = {isa = PBXBuildFile; fileRef = 192CE32529B5F5AD0099E0C4 /* CDArkive.xcdatamodeld */; };
		192CE32929B5F61C0099E0C4 /* DataController.swift in Sources */ = {isa = PBXBuildFile; fileRef = 192CE32829B5F61C0099E0C4 /* DataController.swift */; };
		192CE32B29B5F9D00099E0C4 /* AddAlbum.swift in Sources */ = {isa = PBXBuildFile; fileRef = 192CE32A29B5F9D00099E0C4 /* AddAlbum.swift */; };
		192CE32D29B602500099E0C4 /* AddSingle.swift in Sources */ = {isa = PBXBuildFile; fileRef = 192CE32C29B602500099E0C4 /* AddSingle.swift */; };
		193D37E229B7863B007920BA /* FilteredAlbumListView.swift in Sources */ = {isa = PBXBuildFile; fileRef = 193D37E129B7863B007920BA /* FilteredAlbumListView.swift */; };
		193D37E429B79E5D007920BA /* FilteredSingleListView.swift in Sources */ = {isa = PBXBuildFile; fileRef = 193D37E329B79E5D007920BA /* FilteredSingleListView.swift */; };
		197ECE6329B6069D003C265C /* SingleView.swift in Sources */ = {isa = PBXBuildFile; fileRef = 197ECE6229B6069D003C265C /* SingleView.swift */; };
		197ECE6729B61825003C265C /* RatingView.swift in Sources */ = {isa = PBXBuildFile; fileRef = 197ECE6629B61825003C265C /* RatingView.swift */; };
		197ECE6929B61ED0003C265C /* EmojiRatingView.swift in Sources */ = {isa = PBXBuildFile; fileRef = 197ECE6829B61ED0003C265C /* EmojiRatingView.swift */; };
		197ECE6B29B62473003C265C /* FormatView.swift in Sources */ = {isa = PBXBuildFile; fileRef = 197ECE6A29B62473003C265C /* FormatView.swift */; };
		197ECE6D29B62499003C265C /* GenreView.swift in Sources */ = {isa = PBXBuildFile; fileRef = 197ECE6C29B62499003C265C /* GenreView.swift */; };
		197ECE6F29B624B6003C265C /* LanguageView.swift in Sources */ = {isa = PBXBuildFile; fileRef = 197ECE6E29B624B6003C265C /* LanguageView.swift */; };
		197ECE7129B63406003C265C /* AlbumDetailView.swift in Sources */ = {isa = PBXBuildFile; fileRef = 197ECE7029B63406003C265C /* AlbumDetailView.swift */; };
		197ECE7329B63416003C265C /* SingleDetailView.swift in Sources */ = {isa = PBXBuildFile; fileRef = 197ECE7229B63416003C265C /* SingleDetailView.swift */; };
/* End PBXBuildFile section */

/* Begin PBXFileReference section */
		192CE31429B5F0B60099E0C4 /* CDArkive.app */ = {isa = PBXFileReference; explicitFileType = wrapper.application; includeInIndex = 0; path = CDArkive.app; sourceTree = BUILT_PRODUCTS_DIR; };
		192CE31729B5F0B60099E0C4 /* CDArkiveApp.swift */ = {isa = PBXFileReference; lastKnownFileType = sourcecode.swift; path = CDArkiveApp.swift; sourceTree = "<group>"; };
		192CE31929B5F0B60099E0C4 /* ContentView.swift */ = {isa = PBXFileReference; lastKnownFileType = sourcecode.swift; path = ContentView.swift; sourceTree = "<group>"; };
		192CE31B29B5F0B70099E0C4 /* Assets.xcassets */ = {isa = PBXFileReference; lastKnownFileType = folder.assetcatalog; path = Assets.xcassets; sourceTree = "<group>"; };
		192CE31E29B5F0B70099E0C4 /* Preview Assets.xcassets */ = {isa = PBXFileReference; lastKnownFileType = folder.assetcatalog; path = "Preview Assets.xcassets"; sourceTree = "<group>"; };
		192CE32629B5F5AD0099E0C4 /* CDArkive.xcdatamodel */ = {isa = PBXFileReference; lastKnownFileType = wrapper.xcdatamodel; path = CDArkive.xcdatamodel; sourceTree = "<group>"; };
		192CE32829B5F61C0099E0C4 /* DataController.swift */ = {isa = PBXFileReference; lastKnownFileType = sourcecode.swift; path = DataController.swift; sourceTree = "<group>"; };
		192CE32A29B5F9D00099E0C4 /* AddAlbum.swift */ = {isa = PBXFileReference; lastKnownFileType = sourcecode.swift; path = AddAlbum.swift; sourceTree = "<group>"; };
		192CE32C29B602500099E0C4 /* AddSingle.swift */ = {isa = PBXFileReference; lastKnownFileType = sourcecode.swift; path = AddSingle.swift; sourceTree = "<group>"; };
		193D37E129B7863B007920BA /* FilteredAlbumListView.swift */ = {isa = PBXFileReference; lastKnownFileType = sourcecode.swift; path = FilteredAlbumListView.swift; sourceTree = "<group>"; };
		193D37E329B79E5D007920BA /* FilteredSingleListView.swift */ = {isa = PBXFileReference; lastKnownFileType = sourcecode.swift; path = FilteredSingleListView.swift; sourceTree = "<group>"; };
		197ECE6229B6069D003C265C /* SingleView.swift */ = {isa = PBXFileReference; lastKnownFileType = sourcecode.swift; path = SingleView.swift; sourceTree = "<group>"; };
		197ECE6629B61825003C265C /* RatingView.swift */ = {isa = PBXFileReference; lastKnownFileType = sourcecode.swift; path = RatingView.swift; sourceTree = "<group>"; };
		197ECE6829B61ED0003C265C /* EmojiRatingView.swift */ = {isa = PBXFileReference; lastKnownFileType = sourcecode.swift; path = EmojiRatingView.swift; sourceTree = "<group>"; };
		197ECE6A29B62473003C265C /* FormatView.swift */ = {isa = PBXFileReference; lastKnownFileType = sourcecode.swift; path = FormatView.swift; sourceTree = "<group>"; };
		197ECE6C29B62499003C265C /* GenreView.swift */ = {isa = PBXFileReference; lastKnownFileType = sourcecode.swift; path = GenreView.swift; sourceTree = "<group>"; };
		197ECE6E29B624B6003C265C /* LanguageView.swift */ = {isa = PBXFileReference; lastKnownFileType = sourcecode.swift; path = LanguageView.swift; sourceTree = "<group>"; };
		197ECE7029B63406003C265C /* AlbumDetailView.swift */ = {isa = PBXFileReference; lastKnownFileType = sourcecode.swift; path = AlbumDetailView.swift; sourceTree = "<group>"; };
		197ECE7229B63416003C265C /* SingleDetailView.swift */ = {isa = PBXFileReference; lastKnownFileType = sourcecode.swift; path = SingleDetailView.swift; sourceTree = "<group>"; };
		19A4380A29B89B3D0055836E /* Info.plist */ = {isa = PBXFileReference; lastKnownFileType = text.plist.xml; path = Info.plist; sourceTree = "<group>"; };
/* End PBXFileReference section */

/* Begin PBXFrameworksBuildPhase section */
		192CE31129B5F0B60099E0C4 /* Frameworks */ = {
			isa = PBXFrameworksBuildPhase;
			buildActionMask = 2147483647;
			files = (
			);
			runOnlyForDeploymentPostprocessing = 0;
		};
/* End PBXFrameworksBuildPhase section */

/* Begin PBXGroup section */
		192CE30B29B5F0B50099E0C4 = {
			isa = PBXGroup;
			children = (
				192CE31629B5F0B60099E0C4 /* CDArkive */,
				192CE31529B5F0B60099E0C4 /* Products */,
			);
			sourceTree = "<group>";
		};
		192CE31529B5F0B60099E0C4 /* Products */ = {
			isa = PBXGroup;
			children = (
				192CE31429B5F0B60099E0C4 /* CDArkive.app */,
			);
			name = Products;
			sourceTree = "<group>";
		};
		192CE31629B5F0B60099E0C4 /* CDArkive */ = {
			isa = PBXGroup;
			children = (
				19A4380A29B89B3D0055836E /* Info.plist */,
				192CE31729B5F0B60099E0C4 /* CDArkiveApp.swift */,
				192CE31929B5F0B60099E0C4 /* ContentView.swift */,
				197ECE6229B6069D003C265C /* SingleView.swift */,
				197ECE7029B63406003C265C /* AlbumDetailView.swift */,
				197ECE7229B63416003C265C /* SingleDetailView.swift */,
				197ECE6629B61825003C265C /* RatingView.swift */,
				197ECE6829B61ED0003C265C /* EmojiRatingView.swift */,
				197ECE6A29B62473003C265C /* FormatView.swift */,
				197ECE6C29B62499003C265C /* GenreView.swift */,
				197ECE6E29B624B6003C265C /* LanguageView.swift */,
				193D37E129B7863B007920BA /* FilteredAlbumListView.swift */,
				193D37E329B79E5D007920BA /* FilteredSingleListView.swift */,
				192CE32829B5F61C0099E0C4 /* DataController.swift */,
				192CE32529B5F5AD0099E0C4 /* CDArkive.xcdatamodeld */,
				192CE32A29B5F9D00099E0C4 /* AddAlbum.swift */,
				192CE32C29B602500099E0C4 /* AddSingle.swift */,
				192CE31B29B5F0B70099E0C4 /* Assets.xcassets */,
				192CE31D29B5F0B70099E0C4 /* Preview Content */,
			);
			path = CDArkive;
			sourceTree = "<group>";
		};
		192CE31D29B5F0B70099E0C4 /* Preview Content */ = {
			isa = PBXGroup;
			children = (
				192CE31E29B5F0B70099E0C4 /* Preview Assets.xcassets */,
			);
			path = "Preview Content";
			sourceTree = "<group>";
		};
/* End PBXGroup section */

/* Begin PBXNativeTarget section */
		192CE31329B5F0B60099E0C4 /* CDArkive */ = {
			isa = PBXNativeTarget;
			buildConfigurationList = 192CE32229B5F0B70099E0C4 /* Build configuration list for PBXNativeTarget "CDArkive" */;
			buildPhases = (
				192CE31029B5F0B60099E0C4 /* Sources */,
				192CE31129B5F0B60099E0C4 /* Frameworks */,
				192CE31229B5F0B60099E0C4 /* Resources */,
			);
			buildRules = (
			);
			dependencies = (
			);
			name = CDArkive;
			productName = CDArkive;
			productReference = 192CE31429B5F0B60099E0C4 /* CDArkive.app */;
			productType = "com.apple.product-type.application";
		};
/* End PBXNativeTarget section */

/* Begin PBXProject section */
		192CE30C29B5F0B50099E0C4 /* Project object */ = {
			isa = PBXProject;
			attributes = {
				BuildIndependentTargetsInParallel = 1;
				LastSwiftUpdateCheck = 1420;
				LastUpgradeCheck = 1420;
				TargetAttributes = {
					192CE31329B5F0B60099E0C4 = {
						CreatedOnToolsVersion = 14.2;
					};
				};
			};
			buildConfigurationList = 192CE30F29B5F0B50099E0C4 /* Build configuration list for PBXProject "CDArkive" */;
			compatibilityVersion = "Xcode 14.0";
			developmentRegion = en;
			hasScannedForEncodings = 0;
			knownRegions = (
				en,
				Base,
			);
			mainGroup = 192CE30B29B5F0B50099E0C4;
			productRefGroup = 192CE31529B5F0B60099E0C4 /* Products */;
			projectDirPath = "";
			projectRoot = "";
			targets = (
				192CE31329B5F0B60099E0C4 /* CDArkive */,
			);
		};
/* End PBXProject section */

/* Begin PBXResourcesBuildPhase section */
		192CE31229B5F0B60099E0C4 /* Resources */ = {
			isa = PBXResourcesBuildPhase;
			buildActionMask = 2147483647;
			files = (
				192CE31F29B5F0B70099E0C4 /* Preview Assets.xcassets in Resources */,
				192CE31C29B5F0B70099E0C4 /* Assets.xcassets in Resources */,
			);
			runOnlyForDeploymentPostprocessing = 0;
		};
/* End PBXResourcesBuildPhase section */

/* Begin PBXSourcesBuildPhase section */
		192CE31029B5F0B60099E0C4 /* Sources */ = {
			isa = PBXSourcesBuildPhase;
			buildActionMask = 2147483647;
			files = (
				192CE31A29B5F0B60099E0C4 /* ContentView.swift in Sources */,
				197ECE6929B61ED0003C265C /* EmojiRatingView.swift in Sources */,
				192CE32929B5F61C0099E0C4 /* DataController.swift in Sources */,
				197ECE7329B63416003C265C /* SingleDetailView.swift in Sources */,
				192CE32B29B5F9D00099E0C4 /* AddAlbum.swift in Sources */,
				193D37E229B7863B007920BA /* FilteredAlbumListView.swift in Sources */,
				197ECE6F29B624B6003C265C /* LanguageView.swift in Sources */,
				197ECE7129B63406003C265C /* AlbumDetailView.swift in Sources */,
				197ECE6729B61825003C265C /* RatingView.swift in Sources */,
				192CE32D29B602500099E0C4 /* AddSingle.swift in Sources */,
				192CE31829B5F0B60099E0C4 /* CDArkiveApp.swift in Sources */,
				197ECE6B29B62473003C265C /* FormatView.swift in Sources */,
				197ECE6329B6069D003C265C /* SingleView.swift in Sources */,
				192CE32729B5F5AD0099E0C4 /* CDArkive.xcdatamodeld in Sources */,
				197ECE6D29B62499003C265C /* GenreView.swift in Sources */,
				193D37E429B79E5D007920BA /* FilteredSingleListView.swift in Sources */,
			);
			runOnlyForDeploymentPostprocessing = 0;
		};
/* End PBXSourcesBuildPhase section */

/* Begin XCBuildConfiguration section */
		192CE32029B5F0B70099E0C4 /* Debug */ = {
			isa = XCBuildConfiguration;
			buildSettings = {
				ALWAYS_SEARCH_USER_PATHS = NO;
				CLANG_ANALYZER_NONNULL = YES;
				CLANG_ANALYZER_NUMBER_OBJECT_CONVERSION = YES_AGGRESSIVE;
				CLANG_CXX_LANGUAGE_STANDARD = "gnu++20";
				CLANG_ENABLE_MODULES = YES;
				CLANG_ENABLE_OBJC_ARC = YES;
				CLANG_ENABLE_OBJC_WEAK = YES;
				CLANG_WARN_BLOCK_CAPTURE_AUTORELEASING = YES;
				CLANG_WARN_BOOL_CONVERSION = YES;
				CLANG_WARN_COMMA = YES;
				CLANG_WARN_CONSTANT_CONVERSION = YES;
				CLANG_WARN_DEPRECATED_OBJC_IMPLEMENTATIONS = YES;
				CLANG_WARN_DIRECT_OBJC_ISA_USAGE = YES_ERROR;
				CLANG_WARN_DOCUMENTATION_COMMENTS = YES;
				CLANG_WARN_EMPTY_BODY = YES;
				CLANG_WARN_ENUM_CONVERSION = YES;
				CLANG_WARN_INFINITE_RECURSION = YES;
				CLANG_WARN_INT_CONVERSION = YES;
				CLANG_WARN_NON_LITERAL_NULL_CONVERSION = YES;
				CLANG_WARN_OBJC_IMPLICIT_RETAIN_SELF = YES;
				CLANG_WARN_OBJC_LITERAL_CONVERSION = YES;
				CLANG_WARN_OBJC_ROOT_CLASS = YES_ERROR;
				CLANG_WARN_QUOTED_INCLUDE_IN_FRAMEWORK_HEADER = YES;
				CLANG_WARN_RANGE_LOOP_ANALYSIS = YES;
				CLANG_WARN_STRICT_PROTOTYPES = YES;
				CLANG_WARN_SUSPICIOUS_MOVE = YES;
				CLANG_WARN_UNGUARDED_AVAILABILITY = YES_AGGRESSIVE;
				CLANG_WARN_UNREACHABLE_CODE = YES;
				CLANG_WARN__DUPLICATE_METHOD_MATCH = YES;
				COPY_PHASE_STRIP = NO;
				DEBUG_INFORMATION_FORMAT = dwarf;
				ENABLE_STRICT_OBJC_MSGSEND = YES;
				ENABLE_TESTABILITY = YES;
				GCC_C_LANGUAGE_STANDARD = gnu11;
				GCC_DYNAMIC_NO_PIC = NO;
				GCC_NO_COMMON_BLOCKS = YES;
				GCC_OPTIMIZATION_LEVEL = 0;
				GCC_PREPROCESSOR_DEFINITIONS = (
					"DEBUG=1",
					"$(inherited)",
				);
				GCC_WARN_64_TO_32_BIT_CONVERSION = YES;
				GCC_WARN_ABOUT_RETURN_TYPE = YES_ERROR;
				GCC_WARN_UNDECLARED_SELECTOR = YES;
				GCC_WARN_UNINITIALIZED_AUTOS = YES_AGGRESSIVE;
				GCC_WARN_UNUSED_FUNCTION = YES;
				GCC_WARN_UNUSED_VARIABLE = YES;
				IPHONEOS_DEPLOYMENT_TARGET = 16.2;
				MTL_ENABLE_DEBUG_INFO = INCLUDE_SOURCE;
				MTL_FAST_MATH = YES;
				ONLY_ACTIVE_ARCH = YES;
				SDKROOT = iphoneos;
				SWIFT_ACTIVE_COMPILATION_CONDITIONS = DEBUG;
				SWIFT_OPTIMIZATION_LEVEL = "-Onone";
			};
			name = Debug;
		};
		192CE32129B5F0B70099E0C4 /* Release */ = {
			isa = XCBuildConfiguration;
			buildSettings = {
				ALWAYS_SEARCH_USER_PATHS = NO;
				CLANG_ANALYZER_NONNULL = YES;
				CLANG_ANALYZER_NUMBER_OBJECT_CONVERSION = YES_AGGRESSIVE;
				CLANG_CXX_LANGUAGE_STANDARD = "gnu++20";
				CLANG_ENABLE_MODULES = YES;
				CLANG_ENABLE_OBJC_ARC = YES;
				CLANG_ENABLE_OBJC_WEAK = YES;
				CLANG_WARN_BLOCK_CAPTURE_AUTORELEASING = YES;
				CLANG_WARN_BOOL_CONVERSION = YES;
				CLANG_WARN_COMMA = YES;
				CLANG_WARN_CONSTANT_CONVERSION = YES;
				CLANG_WARN_DEPRECATED_OBJC_IMPLEMENTATIONS = YES;
				CLANG_WARN_DIRECT_OBJC_ISA_USAGE = YES_ERROR;
				CLANG_WARN_DOCUMENTATION_COMMENTS = YES;
				CLANG_WARN_EMPTY_BODY = YES;
				CLANG_WARN_ENUM_CONVERSION = YES;
				CLANG_WARN_INFINITE_RECURSION = YES;
				CLANG_WARN_INT_CONVERSION = YES;
				CLANG_WARN_NON_LITERAL_NULL_CONVERSION = YES;
				CLANG_WARN_OBJC_IMPLICIT_RETAIN_SELF = YES;
				CLANG_WARN_OBJC_LITERAL_CONVERSION = YES;
				CLANG_WARN_OBJC_ROOT_CLASS = YES_ERROR;
				CLANG_WARN_QUOTED_INCLUDE_IN_FRAMEWORK_HEADER = YES;
				CLANG_WARN_RANGE_LOOP_ANALYSIS = YES;
				CLANG_WARN_STRICT_PROTOTYPES = YES;
				CLANG_WARN_SUSPICIOUS_MOVE = YES;
				CLANG_WARN_UNGUARDED_AVAILABILITY = YES_AGGRESSIVE;
				CLANG_WARN_UNREACHABLE_CODE = YES;
				CLANG_WARN__DUPLICATE_METHOD_MATCH = YES;
				COPY_PHASE_STRIP = NO;
				DEBUG_INFORMATION_FORMAT = "dwarf-with-dsym";
				ENABLE_NS_ASSERTIONS = NO;
				ENABLE_STRICT_OBJC_MSGSEND = YES;
				GCC_C_LANGUAGE_STANDARD = gnu11;
				GCC_NO_COMMON_BLOCKS = YES;
				GCC_WARN_64_TO_32_BIT_CONVERSION = YES;
				GCC_WARN_ABOUT_RETURN_TYPE = YES_ERROR;
				GCC_WARN_UNDECLARED_SELECTOR = YES;
				GCC_WARN_UNINITIALIZED_AUTOS = YES_AGGRESSIVE;
				GCC_WARN_UNUSED_FUNCTION = YES;
				GCC_WARN_UNUSED_VARIABLE = YES;
				IPHONEOS_DEPLOYMENT_TARGET = 16.2;
				MTL_ENABLE_DEBUG_INFO = NO;
				MTL_FAST_MATH = YES;
				SDKROOT = iphoneos;
				SWIFT_COMPILATION_MODE = wholemodule;
				SWIFT_OPTIMIZATION_LEVEL = "-O";
				VALIDATE_PRODUCT = YES;
			};
			name = Release;
		};
		192CE32329B5F0B70099E0C4 /* Debug */ = {
			isa = XCBuildConfiguration;
			buildSettings = {
				ASSETCATALOG_COMPILER_APPICON_NAME = AppIcon;
				ASSETCATALOG_COMPILER_GLOBAL_ACCENT_COLOR_NAME = AccentColor;
				CODE_SIGN_STYLE = Automatic;
				CURRENT_PROJECT_VERSION = 1;
				DEVELOPMENT_ASSET_PATHS = "\"CDArkive/Preview Content\"";
				ENABLE_PREVIEWS = YES;
				GENERATE_INFOPLIST_FILE = YES;
				INFOPLIST_FILE = CDArkive/Info.plist;
				INFOPLIST_KEY_UIApplicationSceneManifest_Generation = YES;
				INFOPLIST_KEY_UIApplicationSupportsIndirectInputEvents = YES;
				INFOPLIST_KEY_UISupportedInterfaceOrientations_iPad = "UIInterfaceOrientationPortrait UIInterfaceOrientationPortraitUpsideDown UIInterfaceOrientationLandscapeLeft UIInterfaceOrientationLandscapeRight";
				INFOPLIST_KEY_UISupportedInterfaceOrientations_iPhone = "UIInterfaceOrientationPortrait UIInterfaceOrientationLandscapeLeft UIInterfaceOrientationLandscapeRight";
				LD_RUNPATH_SEARCH_PATHS = (
					"$(inherited)",
					"@executable_path/Frameworks",
				);
				MARKETING_VERSION = 1.0;
				PRODUCT_BUNDLE_IDENTIFIER = com.zbornak.CDArkive;
				PRODUCT_NAME = "$(TARGET_NAME)";
				SWIFT_EMIT_LOC_STRINGS = YES;
				SWIFT_VERSION = 5.0;
				TARGETED_DEVICE_FAMILY = "1,2";
			};
			name = Debug;
		};
		192CE32429B5F0B70099E0C4 /* Release */ = {
			isa = XCBuildConfiguration;
			buildSettings = {
				ASSETCATALOG_COMPILER_APPICON_NAME = AppIcon;
				ASSETCATALOG_COMPILER_GLOBAL_ACCENT_COLOR_NAME = AccentColor;
				CODE_SIGN_STYLE = Automatic;
				CURRENT_PROJECT_VERSION = 1;
				DEVELOPMENT_ASSET_PATHS = "\"CDArkive/Preview Content\"";
				ENABLE_PREVIEWS = YES;
				GENERATE_INFOPLIST_FILE = YES;
				INFOPLIST_FILE = CDArkive/Info.plist;
				INFOPLIST_KEY_UIApplicationSceneManifest_Generation = YES;
				INFOPLIST_KEY_UIApplicationSupportsIndirectInputEvents = YES;
				INFOPLIST_KEY_UISupportedInterfaceOrientations_iPad = "UIInterfaceOrientationPortrait UIInterfaceOrientationPortraitUpsideDown UIInterfaceOrientationLandscapeLeft UIInterfaceOrientationLandscapeRight";
				INFOPLIST_KEY_UISupportedInterfaceOrientations_iPhone = "UIInterfaceOrientationPortrait UIInterfaceOrientationLandscapeLeft UIInterfaceOrientationLandscapeRight";
				LD_RUNPATH_SEARCH_PATHS = (
					"$(inherited)",
					"@executable_path/Frameworks",
				);
				MARKETING_VERSION = 1.0;
				PRODUCT_BUNDLE_IDENTIFIER = com.zbornak.CDArkive;
				PRODUCT_NAME = "$(TARGET_NAME)";
				SWIFT_EMIT_LOC_STRINGS = YES;
				SWIFT_VERSION = 5.0;
				TARGETED_DEVICE_FAMILY = "1,2";
			};
			name = Release;
		};
/* End XCBuildConfiguration section */

/* Begin XCConfigurationList section */
		192CE30F29B5F0B50099E0C4 /* Build configuration list for PBXProject "CDArkive" */ = {
			isa = XCConfigurationList;
			buildConfigurations = (
				192CE32029B5F0B70099E0C4 /* Debug */,
				192CE32129B5F0B70099E0C4 /* Release */,
			);
			defaultConfigurationIsVisible = 0;
			defaultConfigurationName = Release;
		};
		192CE32229B5F0B70099E0C4 /* Build configuration list for PBXNativeTarget "CDArkive" */ = {
			isa = XCConfigurationList;
			buildConfigurations = (
				192CE32329B5F0B70099E0C4 /* Debug */,
				192CE32429B5F0B70099E0C4 /* Release */,
			);
			defaultConfigurationIsVisible = 0;
			defaultConfigurationName = Release;
		};
/* End XCConfigurationList section */

/* Begin XCVersionGroup section */
		192CE32529B5F5AD0099E0C4 /* CDArkive.xcdatamodeld */ = {
			isa = XCVersionGroup;
			children = (
				192CE32629B5F5AD0099E0C4 /* CDArkive.xcdatamodel */,
			);
			currentVersion = 192CE32629B5F5AD0099E0C4 /* CDArkive.xcdatamodel */;
			path = CDArkive.xcdatamodeld;
			sourceTree = "<group>";
			versionGroupType = wrapper.xcdatamodel;
		};
/* End XCVersionGroup section */
	};
	rootObject = 192CE30C29B5F0B50099E0C4 /* Project object */;
}
